
Microsoft Visual Studio Solution File, Format Version 12.00
# Visual Studio Version 16
VisualStudioVersion = 16.0.30413.136
MinimumVisualStudioVersion = 10.0.40219.1
Project("{FAE04EC0-301F-11D3-BF4B-00C04F79EFBC}") = "Serilog.Sinks.WPF", "Serilog.Sinks.WPF.csproj", "{FB65526F-5288-48CB-B70A-7295BD4CD964}"
EndProject
Project("{FAE04EC0-301F-11D3-BF4B-00C04F79EFBC}") = "SampleApplication", "..\SampleApplication\SampleApplication.csproj", "{78CEA918-E2F9-4661-B6A4-CB30D878B3D8}"
EndProject
Global
	GlobalSection(SolutionConfigurationPlatforms) = preSolution
		Debug|Any CPU = Debug|Any CPU
		Release|Any CPU = Release|Any CPU
	EndGlobalSection
	GlobalSection(ProjectConfigurationPlatforms) = postSolution
		{FB65526F-5288-48CB-B70A-7295BD4CD964}.Debug|Any CPU.ActiveCfg = Debug|Any CPU
		{FB65526F-5288-48CB-B70A-7295BD4CD964}.Debug|Any CPU.Build.0 = Debug|Any CPU
		{FB65526F-5288-48CB-B70A-7295BD4CD964}.Release|Any CPU.ActiveCfg = Release|Any CPU
		{FB65526F-5288-48CB-B70A-7295BD4CD964}.Release|Any CPU.Build.0 = Release|Any CPU
		{78CEA918-E2F9-4661-B6A4-CB30D878B3D8}.Debug|Any CPU.ActiveCfg = Debug|Any CPU
		{78CEA918-E2F9-4661-B6A4-CB30D878B3D8}.Debug|Any CPU.Build.0 = Debug|Any CPU
		{78CEA918-E2F9-4661-B6A4-CB30D878B3D8}.Release|Any CPU.ActiveCfg = Release|Any CPU
		{78CEA918-E2F9-4661-B6A4-CB30D878B3D8}.Release|Any CPU.Build.0 = Release|Any CPU
	EndGlobalSection
	GlobalSection(SolutionProperties) = preSolution
		HideSolutionNode = FALSE
	EndGlobalSection
	GlobalSection(ExtensibilityGlobals) = postSolution
		SolutionGuid = {3673DA63-4067-46B4-9D2C-2AEB4F3A844D}
	EndGlobalSection
EndGlobal
